
Microsoft Visual Studio Solution File, Format Version 12.00
# Visual Studio Version 16
VisualStudioVersion = 16.0.30711.63
MinimumVisualStudioVersion = 10.0.40219.1
Project("{9A19103F-16F7-4668-BE54-9A1E7A4F7556}") = "WriteAPI", "WriteAPI\WriteAPI.csproj", "{66A55B75-DA87-499D-89FE-F3F93E46BEF9}"
EndProject
Project("{9A19103F-16F7-4668-BE54-9A1E7A4F7556}") = "JWT", "JWT\JWT.csproj", "{AFD38AC0-CD94-4098-A385-4F338839C838}"
EndProject
Project("{9A19103F-16F7-4668-BE54-9A1E7A4F7556}") = "Common", "Common\Common.csproj", "{AB746D38-5D0E-49D0-AE82-79FA88F6DF53}"
EndProject
Project("{9A19103F-16F7-4668-BE54-9A1E7A4F7556}") = "Domain", "Domain\Domain.csproj", "{F81063DF-9DD1-4391-9F3C-C4934F8BFAF8}"
EndProject
Project("{9A19103F-16F7-4668-BE54-9A1E7A4F7556}") = "Context", "Context\Context.csproj", "{D753715B-7AB7-44F6-887C-7FA2DCB2DD47}"
EndProject
Project("{9A19103F-16F7-4668-BE54-9A1E7A4F7556}") = "BI", "BI\BI.csproj", "{F56E8FE2-A81F-49A8-A2A9-5C11492E5F3E}"
EndProject
Project("{9A19103F-16F7-4668-BE54-9A1E7A4F7556}") = "AutoMapperLib", "AutoMapperLib\AutoMapperLib.csproj", "{C0FEEA43-0FAB-46F2-9922-71C9751F8FB1}"
EndProject
Global
	GlobalSection(SolutionConfigurationPlatforms) = preSolution
		Debug|Any CPU = Debug|Any CPU
		Release|Any CPU = Release|Any CPU
	EndGlobalSection
	GlobalSection(ProjectConfigurationPlatforms) = postSolution
		{66A55B75-DA87-499D-89FE-F3F93E46BEF9}.Debug|Any CPU.ActiveCfg = Debug|Any CPU
		{66A55B75-DA87-499D-89FE-F3F93E46BEF9}.Debug|Any CPU.Build.0 = Debug|Any CPU
		{66A55B75-DA87-499D-89FE-F3F93E46BEF9}.Release|Any CPU.ActiveCfg = Release|Any CPU
		{66A55B75-DA87-499D-89FE-F3F93E46BEF9}.Release|Any CPU.Build.0 = Release|Any CPU
		{AFD38AC0-CD94-4098-A385-4F338839C838}.Debug|Any CPU.ActiveCfg = Debug|Any CPU
		{AFD38AC0-CD94-4098-A385-4F338839C838}.Debug|Any CPU.Build.0 = Debug|Any CPU
		{AFD38AC0-CD94-4098-A385-4F338839C838}.Release|Any CPU.ActiveCfg = Release|Any CPU
		{AFD38AC0-CD94-4098-A385-4F338839C838}.Release|Any CPU.Build.0 = Release|Any CPU
		{AB746D38-5D0E-49D0-AE82-79FA88F6DF53}.Debug|Any CPU.ActiveCfg = Debug|Any CPU
		{AB746D38-5D0E-49D0-AE82-79FA88F6DF53}.Debug|Any CPU.Build.0 = Debug|Any CPU
		{AB746D38-5D0E-49D0-AE82-79FA88F6DF53}.Release|Any CPU.ActiveCfg = Release|Any CPU
		{AB746D38-5D0E-49D0-AE82-79FA88F6DF53}.Release|Any CPU.Build.0 = Release|Any CPU
		{F81063DF-9DD1-4391-9F3C-C4934F8BFAF8}.Debug|Any CPU.ActiveCfg = Debug|Any CPU
		{F81063DF-9DD1-4391-9F3C-C4934F8BFAF8}.Debug|Any CPU.Build.0 = Debug|Any CPU
		{F81063DF-9DD1-4391-9F3C-C4934F8BFAF8}.Release|Any CPU.ActiveCfg = Release|Any CPU
		{F81063DF-9DD1-4391-9F3C-C4934F8BFAF8}.Release|Any CPU.Build.0 = Release|Any CPU
		{D753715B-7AB7-44F6-887C-7FA2DCB2DD47}.Debug|Any CPU.ActiveCfg = Debug|Any CPU
		{D753715B-7AB7-44F6-887C-7FA2DCB2DD47}.Debug|Any CPU.Build.0 = Debug|Any CPU
		{D753715B-7AB7-44F6-887C-7FA2DCB2DD47}.Release|Any CPU.ActiveCfg = Release|Any CPU
		{D753715B-7AB7-44F6-887C-7FA2DCB2DD47}.Release|Any CPU.Build.0 = Release|Any CPU
		{F56E8FE2-A81F-49A8-A2A9-5C11492E5F3E}.Debug|Any CPU.ActiveCfg = Debug|Any CPU
		{F56E8FE2-A81F-49A8-A2A9-5C11492E5F3E}.Debug|Any CPU.Build.0 = Debug|Any CPU
		{F56E8FE2-A81F-49A8-A2A9-5C11492E5F3E}.Release|Any CPU.ActiveCfg = Release|Any CPU
		{F56E8FE2-A81F-49A8-A2A9-5C11492E5F3E}.Release|Any CPU.Build.0 = Release|Any CPU
		{C0FEEA43-0FAB-46F2-9922-71C9751F8FB1}.Debug|Any CPU.ActiveCfg = Debug|Any CPU
		{C0FEEA43-0FAB-46F2-9922-71C9751F8FB1}.Debug|Any CPU.Build.0 = Debug|Any CPU
		{C0FEEA43-0FAB-46F2-9922-71C9751F8FB1}.Release|Any CPU.ActiveCfg = Release|Any CPU
		{C0FEEA43-0FAB-46F2-9922-71C9751F8FB1}.Release|Any CPU.Build.0 = Release|Any CPU
	EndGlobalSection
	GlobalSection(SolutionProperties) = preSolution
		HideSolutionNode = FALSE
	EndGlobalSection
	GlobalSection(ExtensibilityGlobals) = postSolution
		SolutionGuid = {7B92CED5-ED5C-4926-B8C4-B755796A3A99}
	EndGlobalSection
EndGlobal
